
Microsoft Visual Studio Solution File, Format Version 12.00
# Visual Studio Version 16
VisualStudioVersion = 16.0.30804.86
MinimumVisualStudioVersion = 15.0.26124.0
Project("{2150E333-8FDC-42A3-9474-1A3956D46DE8}") = "src", "src", "{4DFAFCCE-6338-4232-9C05-66E30D0EE9E9}"
EndProject
Project("{2150E333-8FDC-42A3-9474-1A3956D46DE8}") = "tests", "tests", "{C669181E-B7FF-4DA5-A79F-10D88BCE5D74}"
EndProject
Project("{9A19103F-16F7-4668-BE54-9A1E7A4F7556}") = "Web", "src\Web\Web.csproj", "{1CEA5356-04E4-40E4-B389-3A2F7E1D91E3}"
EndProject
Project("{9A19103F-16F7-4668-BE54-9A1E7A4F7556}") = "WebTests", "tests\WebTests\WebTests.csproj", "{950C6EBF-F077-4086-A413-E309CD860D44}"
EndProject
Project("{2150E333-8FDC-42A3-9474-1A3956D46DE8}") = "Solution Items", "Solution Items", "{A4D382AC-439B-4CD1-81EC-26235198652F}"
	ProjectSection(SolutionItems) = preProject
		settings.json = settings.json
	EndProjectSection
EndProject
Project("{FAE04EC0-301F-11D3-BF4B-00C04F79EFBC}") = "Console", "src\Console\Console.csproj", "{99AEEFDF-9E55-4F4E-A81A-38B665D403C2}"
EndProject
Global
	GlobalSection(SolutionConfigurationPlatforms) = preSolution
		Debug|Any CPU = Debug|Any CPU
		Debug|x64 = Debug|x64
		Debug|x86 = Debug|x86
		Release|Any CPU = Release|Any CPU
		Release|x64 = Release|x64
		Release|x86 = Release|x86
	EndGlobalSection
	GlobalSection(ProjectConfigurationPlatforms) = postSolution
		{1CEA5356-04E4-40E4-B389-3A2F7E1D91E3}.Debug|Any CPU.ActiveCfg = Debug|Any CPU
		{1CEA5356-04E4-40E4-B389-3A2F7E1D91E3}.Debug|Any CPU.Build.0 = Debug|Any CPU
		{1CEA5356-04E4-40E4-B389-3A2F7E1D91E3}.Debug|x64.ActiveCfg = Debug|Any CPU
		{1CEA5356-04E4-40E4-B389-3A2F7E1D91E3}.Debug|x64.Build.0 = Debug|Any CPU
		{1CEA5356-04E4-40E4-B389-3A2F7E1D91E3}.Debug|x86.ActiveCfg = Debug|Any CPU
		{1CEA5356-04E4-40E4-B389-3A2F7E1D91E3}.Debug|x86.Build.0 = Debug|Any CPU
		{1CEA5356-04E4-40E4-B389-3A2F7E1D91E3}.Release|Any CPU.ActiveCfg = Release|Any CPU
		{1CEA5356-04E4-40E4-B389-3A2F7E1D91E3}.Release|Any CPU.Build.0 = Release|Any CPU
		{1CEA5356-04E4-40E4-B389-3A2F7E1D91E3}.Release|x64.ActiveCfg = Release|Any CPU
		{1CEA5356-04E4-40E4-B389-3A2F7E1D91E3}.Release|x64.Build.0 = Release|Any CPU
		{1CEA5356-04E4-40E4-B389-3A2F7E1D91E3}.Release|x86.ActiveCfg = Release|Any CPU
		{1CEA5356-04E4-40E4-B389-3A2F7E1D91E3}.Release|x86.Build.0 = Release|Any CPU
		{950C6EBF-F077-4086-A413-E309CD860D44}.Debug|Any CPU.ActiveCfg = Debug|Any CPU
		{950C6EBF-F077-4086-A413-E309CD860D44}.Debug|Any CPU.Build.0 = Debug|Any CPU
		{950C6EBF-F077-4086-A413-E309CD860D44}.Debug|x64.ActiveCfg = Debug|Any CPU
		{950C6EBF-F077-4086-A413-E309CD860D44}.Debug|x64.Build.0 = Debug|Any CPU
		{950C6EBF-F077-4086-A413-E309CD860D44}.Debug|x86.ActiveCfg = Debug|Any CPU
		{950C6EBF-F077-4086-A413-E309CD860D44}.Debug|x86.Build.0 = Debug|Any CPU
		{950C6EBF-F077-4086-A413-E309CD860D44}.Release|Any CPU.ActiveCfg = Release|Any CPU
		{950C6EBF-F077-4086-A413-E309CD860D44}.Release|Any CPU.Build.0 = Release|Any CPU
		{950C6EBF-F077-4086-A413-E309CD860D44}.Release|x64.ActiveCfg = Release|Any CPU
		{950C6EBF-F077-4086-A413-E309CD860D44}.Release|x64.Build.0 = Release|Any CPU
		{950C6EBF-F077-4086-A413-E309CD860D44}.Release|x86.ActiveCfg = Release|Any CPU
		{950C6EBF-F077-4086-A413-E309CD860D44}.Release|x86.Build.0 = Release|Any CPU
		{99AEEFDF-9E55-4F4E-A81A-38B665D403C2}.Debug|Any CPU.ActiveCfg = Debug|Any CPU
		{99AEEFDF-9E55-4F4E-A81A-38B665D403C2}.Debug|Any CPU.Build.0 = Debug|Any CPU
		{99AEEFDF-9E55-4F4E-A81A-38B665D403C2}.Debug|x64.ActiveCfg = Debug|Any CPU
		{99AEEFDF-9E55-4F4E-A81A-38B665D403C2}.Debug|x64.Build.0 = Debug|Any CPU
		{99AEEFDF-9E55-4F4E-A81A-38B665D403C2}.Debug|x86.ActiveCfg = Debug|Any CPU
		{99AEEFDF-9E55-4F4E-A81A-38B665D403C2}.Debug|x86.Build.0 = Debug|Any CPU
		{99AEEFDF-9E55-4F4E-A81A-38B665D403C2}.Release|Any CPU.ActiveCfg = Release|Any CPU
		{99AEEFDF-9E55-4F4E-A81A-38B665D403C2}.Release|Any CPU.Build.0 = Release|Any CPU
		{99AEEFDF-9E55-4F4E-A81A-38B665D403C2}.Release|x64.ActiveCfg = Release|Any CPU
		{99AEEFDF-9E55-4F4E-A81A-38B665D403C2}.Release|x64.Build.0 = Release|Any CPU
		{99AEEFDF-9E55-4F4E-A81A-38B665D403C2}.Release|x86.ActiveCfg = Release|Any CPU
		{99AEEFDF-9E55-4F4E-A81A-38B665D403C2}.Release|x86.Build.0 = Release|Any CPU
	EndGlobalSection
	GlobalSection(SolutionProperties) = preSolution
		HideSolutionNode = FALSE
	EndGlobalSection
	GlobalSection(NestedProjects) = preSolution
		{1CEA5356-04E4-40E4-B389-3A2F7E1D91E3} = {4DFAFCCE-6338-4232-9C05-66E30D0EE9E9}
		{950C6EBF-F077-4086-A413-E309CD860D44} = {C669181E-B7FF-4DA5-A79F-10D88BCE5D74}
		{99AEEFDF-9E55-4F4E-A81A-38B665D403C2} = {4DFAFCCE-6338-4232-9C05-66E30D0EE9E9}
	EndGlobalSection
	GlobalSection(ExtensibilityGlobals) = postSolution
		SolutionGuid = {07DEE908-38F2-4257-8B32-1CD3D237EC01}
	EndGlobalSection
EndGlobal
