
Microsoft Visual Studio Solution File, Format Version 12.00
# Visual Studio 15
VisualStudioVersion = 15.0.26124.0
MinimumVisualStudioVersion = 15.0.26124.0
Project("{2150E333-8FDC-42A3-9474-1A3956D46DE8}") = "src", "src", "{4DFAFCCE-6338-4232-9C05-66E30D0EE9E9}"
EndProject
Project("{FAE04EC0-301F-11D3-BF4B-00C04F79EFBC}") = "Domain", "src\Domain\Domain.csproj", "{39A56BC3-9919-403C-9B91-E5651E7F2686}"
EndProject
Project("{2150E333-8FDC-42A3-9474-1A3956D46DE8}") = "tests", "tests", "{C669181E-B7FF-4DA5-A79F-10D88BCE5D74}"
EndProject
Project("{FAE04EC0-301F-11D3-BF4B-00C04F79EFBC}") = "Application", "src\Application\Application.csproj", "{77210956-5BD6-4577-8342-FA4D16E62241}"
EndProject
Project("{FAE04EC0-301F-11D3-BF4B-00C04F79EFBC}") = "ApplicationTests", "tests\ApplicationTests\ApplicationTests.csproj", "{4519E5E2-36D2-439A-BC6E-AF0F273E29AF}"
EndProject
Project("{FAE04EC0-301F-11D3-BF4B-00C04F79EFBC}") = "Infrastructure", "src\Infrastructure\Infrastructure.csproj", "{6BEF84A4-95B8-4651-99A6-2BBB5F4D32B8}"
EndProject
Project("{FAE04EC0-301F-11D3-BF4B-00C04F79EFBC}") = "InfrastructureTests", "tests\InfrastructureTests\InfrastructureTests.csproj", "{3616C161-7396-4E05-822E-EA4AF1664050}"
EndProject
Project("{FAE04EC0-301F-11D3-BF4B-00C04F79EFBC}") = "Web", "src\Web\Web.csproj", "{1CEA5356-04E4-40E4-B389-3A2F7E1D91E3}"
EndProject
Project("{FAE04EC0-301F-11D3-BF4B-00C04F79EFBC}") = "WebTests", "tests\WebTests\WebTests.csproj", "{950C6EBF-F077-4086-A413-E309CD860D44}"
EndProject
Project("{FAE04EC0-301F-11D3-BF4B-00C04F79EFBC}") = "InfrastructureTests.External", "tests\InfrastructureTests.External\InfrastructureTests.External.csproj", "{BC749589-FB4A-40CA-9DDF-355E34F8A67E}"
EndProject
Project("{FAE04EC0-301F-11D3-BF4B-00C04F79EFBC}") = "SharedTests", "tests\SharedTests\SharedTests.csproj", "{620B07F6-51E4-440E-B41E-BBB7CC217BC0}"
EndProject
Global
	GlobalSection(SolutionConfigurationPlatforms) = preSolution
		Debug|Any CPU = Debug|Any CPU
		Debug|x64 = Debug|x64
		Debug|x86 = Debug|x86
		Release|Any CPU = Release|Any CPU
		Release|x64 = Release|x64
		Release|x86 = Release|x86
	EndGlobalSection
	GlobalSection(SolutionProperties) = preSolution
		HideSolutionNode = FALSE
	EndGlobalSection
	GlobalSection(ProjectConfigurationPlatforms) = postSolution
		{39A56BC3-9919-403C-9B91-E5651E7F2686}.Debug|Any CPU.ActiveCfg = Debug|Any CPU
		{39A56BC3-9919-403C-9B91-E5651E7F2686}.Debug|Any CPU.Build.0 = Debug|Any CPU
		{39A56BC3-9919-403C-9B91-E5651E7F2686}.Debug|x64.ActiveCfg = Debug|Any CPU
		{39A56BC3-9919-403C-9B91-E5651E7F2686}.Debug|x64.Build.0 = Debug|Any CPU
		{39A56BC3-9919-403C-9B91-E5651E7F2686}.Debug|x86.ActiveCfg = Debug|Any CPU
		{39A56BC3-9919-403C-9B91-E5651E7F2686}.Debug|x86.Build.0 = Debug|Any CPU
		{39A56BC3-9919-403C-9B91-E5651E7F2686}.Release|Any CPU.ActiveCfg = Release|Any CPU
		{39A56BC3-9919-403C-9B91-E5651E7F2686}.Release|Any CPU.Build.0 = Release|Any CPU
		{39A56BC3-9919-403C-9B91-E5651E7F2686}.Release|x64.ActiveCfg = Release|Any CPU
		{39A56BC3-9919-403C-9B91-E5651E7F2686}.Release|x64.Build.0 = Release|Any CPU
		{39A56BC3-9919-403C-9B91-E5651E7F2686}.Release|x86.ActiveCfg = Release|Any CPU
		{39A56BC3-9919-403C-9B91-E5651E7F2686}.Release|x86.Build.0 = Release|Any CPU
		{77210956-5BD6-4577-8342-FA4D16E62241}.Debug|Any CPU.ActiveCfg = Debug|Any CPU
		{77210956-5BD6-4577-8342-FA4D16E62241}.Debug|Any CPU.Build.0 = Debug|Any CPU
		{77210956-5BD6-4577-8342-FA4D16E62241}.Debug|x64.ActiveCfg = Debug|Any CPU
		{77210956-5BD6-4577-8342-FA4D16E62241}.Debug|x64.Build.0 = Debug|Any CPU
		{77210956-5BD6-4577-8342-FA4D16E62241}.Debug|x86.ActiveCfg = Debug|Any CPU
		{77210956-5BD6-4577-8342-FA4D16E62241}.Debug|x86.Build.0 = Debug|Any CPU
		{77210956-5BD6-4577-8342-FA4D16E62241}.Release|Any CPU.ActiveCfg = Release|Any CPU
		{77210956-5BD6-4577-8342-FA4D16E62241}.Release|Any CPU.Build.0 = Release|Any CPU
		{77210956-5BD6-4577-8342-FA4D16E62241}.Release|x64.ActiveCfg = Release|Any CPU
		{77210956-5BD6-4577-8342-FA4D16E62241}.Release|x64.Build.0 = Release|Any CPU
		{77210956-5BD6-4577-8342-FA4D16E62241}.Release|x86.ActiveCfg = Release|Any CPU
		{77210956-5BD6-4577-8342-FA4D16E62241}.Release|x86.Build.0 = Release|Any CPU
		{4519E5E2-36D2-439A-BC6E-AF0F273E29AF}.Debug|Any CPU.ActiveCfg = Debug|Any CPU
		{4519E5E2-36D2-439A-BC6E-AF0F273E29AF}.Debug|Any CPU.Build.0 = Debug|Any CPU
		{4519E5E2-36D2-439A-BC6E-AF0F273E29AF}.Debug|x64.ActiveCfg = Debug|Any CPU
		{4519E5E2-36D2-439A-BC6E-AF0F273E29AF}.Debug|x64.Build.0 = Debug|Any CPU
		{4519E5E2-36D2-439A-BC6E-AF0F273E29AF}.Debug|x86.ActiveCfg = Debug|Any CPU
		{4519E5E2-36D2-439A-BC6E-AF0F273E29AF}.Debug|x86.Build.0 = Debug|Any CPU
		{4519E5E2-36D2-439A-BC6E-AF0F273E29AF}.Release|Any CPU.ActiveCfg = Release|Any CPU
		{4519E5E2-36D2-439A-BC6E-AF0F273E29AF}.Release|Any CPU.Build.0 = Release|Any CPU
		{4519E5E2-36D2-439A-BC6E-AF0F273E29AF}.Release|x64.ActiveCfg = Release|Any CPU
		{4519E5E2-36D2-439A-BC6E-AF0F273E29AF}.Release|x64.Build.0 = Release|Any CPU
		{4519E5E2-36D2-439A-BC6E-AF0F273E29AF}.Release|x86.ActiveCfg = Release|Any CPU
		{4519E5E2-36D2-439A-BC6E-AF0F273E29AF}.Release|x86.Build.0 = Release|Any CPU
		{6BEF84A4-95B8-4651-99A6-2BBB5F4D32B8}.Debug|Any CPU.ActiveCfg = Debug|Any CPU
		{6BEF84A4-95B8-4651-99A6-2BBB5F4D32B8}.Debug|Any CPU.Build.0 = Debug|Any CPU
		{6BEF84A4-95B8-4651-99A6-2BBB5F4D32B8}.Debug|x64.ActiveCfg = Debug|Any CPU
		{6BEF84A4-95B8-4651-99A6-2BBB5F4D32B8}.Debug|x64.Build.0 = Debug|Any CPU
		{6BEF84A4-95B8-4651-99A6-2BBB5F4D32B8}.Debug|x86.ActiveCfg = Debug|Any CPU
		{6BEF84A4-95B8-4651-99A6-2BBB5F4D32B8}.Debug|x86.Build.0 = Debug|Any CPU
		{6BEF84A4-95B8-4651-99A6-2BBB5F4D32B8}.Release|Any CPU.ActiveCfg = Release|Any CPU
		{6BEF84A4-95B8-4651-99A6-2BBB5F4D32B8}.Release|Any CPU.Build.0 = Release|Any CPU
		{6BEF84A4-95B8-4651-99A6-2BBB5F4D32B8}.Release|x64.ActiveCfg = Release|Any CPU
		{6BEF84A4-95B8-4651-99A6-2BBB5F4D32B8}.Release|x64.Build.0 = Release|Any CPU
		{6BEF84A4-95B8-4651-99A6-2BBB5F4D32B8}.Release|x86.ActiveCfg = Release|Any CPU
		{6BEF84A4-95B8-4651-99A6-2BBB5F4D32B8}.Release|x86.Build.0 = Release|Any CPU
		{3616C161-7396-4E05-822E-EA4AF1664050}.Debug|Any CPU.ActiveCfg = Debug|Any CPU
		{3616C161-7396-4E05-822E-EA4AF1664050}.Debug|Any CPU.Build.0 = Debug|Any CPU
		{3616C161-7396-4E05-822E-EA4AF1664050}.Debug|x64.ActiveCfg = Debug|Any CPU
		{3616C161-7396-4E05-822E-EA4AF1664050}.Debug|x64.Build.0 = Debug|Any CPU
		{3616C161-7396-4E05-822E-EA4AF1664050}.Debug|x86.ActiveCfg = Debug|Any CPU
		{3616C161-7396-4E05-822E-EA4AF1664050}.Debug|x86.Build.0 = Debug|Any CPU
		{3616C161-7396-4E05-822E-EA4AF1664050}.Release|Any CPU.ActiveCfg = Release|Any CPU
		{3616C161-7396-4E05-822E-EA4AF1664050}.Release|Any CPU.Build.0 = Release|Any CPU
		{3616C161-7396-4E05-822E-EA4AF1664050}.Release|x64.ActiveCfg = Release|Any CPU
		{3616C161-7396-4E05-822E-EA4AF1664050}.Release|x64.Build.0 = Release|Any CPU
		{3616C161-7396-4E05-822E-EA4AF1664050}.Release|x86.ActiveCfg = Release|Any CPU
		{3616C161-7396-4E05-822E-EA4AF1664050}.Release|x86.Build.0 = Release|Any CPU
		{1CEA5356-04E4-40E4-B389-3A2F7E1D91E3}.Debug|Any CPU.ActiveCfg = Debug|Any CPU
		{1CEA5356-04E4-40E4-B389-3A2F7E1D91E3}.Debug|Any CPU.Build.0 = Debug|Any CPU
		{1CEA5356-04E4-40E4-B389-3A2F7E1D91E3}.Debug|x64.ActiveCfg = Debug|Any CPU
		{1CEA5356-04E4-40E4-B389-3A2F7E1D91E3}.Debug|x64.Build.0 = Debug|Any CPU
		{1CEA5356-04E4-40E4-B389-3A2F7E1D91E3}.Debug|x86.ActiveCfg = Debug|Any CPU
		{1CEA5356-04E4-40E4-B389-3A2F7E1D91E3}.Debug|x86.Build.0 = Debug|Any CPU
		{1CEA5356-04E4-40E4-B389-3A2F7E1D91E3}.Release|Any CPU.ActiveCfg = Release|Any CPU
		{1CEA5356-04E4-40E4-B389-3A2F7E1D91E3}.Release|Any CPU.Build.0 = Release|Any CPU
		{1CEA5356-04E4-40E4-B389-3A2F7E1D91E3}.Release|x64.ActiveCfg = Release|Any CPU
		{1CEA5356-04E4-40E4-B389-3A2F7E1D91E3}.Release|x64.Build.0 = Release|Any CPU
		{1CEA5356-04E4-40E4-B389-3A2F7E1D91E3}.Release|x86.ActiveCfg = Release|Any CPU
		{1CEA5356-04E4-40E4-B389-3A2F7E1D91E3}.Release|x86.Build.0 = Release|Any CPU
		{950C6EBF-F077-4086-A413-E309CD860D44}.Debug|Any CPU.ActiveCfg = Debug|Any CPU
		{950C6EBF-F077-4086-A413-E309CD860D44}.Debug|Any CPU.Build.0 = Debug|Any CPU
		{950C6EBF-F077-4086-A413-E309CD860D44}.Debug|x64.ActiveCfg = Debug|Any CPU
		{950C6EBF-F077-4086-A413-E309CD860D44}.Debug|x64.Build.0 = Debug|Any CPU
		{950C6EBF-F077-4086-A413-E309CD860D44}.Debug|x86.ActiveCfg = Debug|Any CPU
		{950C6EBF-F077-4086-A413-E309CD860D44}.Debug|x86.Build.0 = Debug|Any CPU
		{950C6EBF-F077-4086-A413-E309CD860D44}.Release|Any CPU.ActiveCfg = Release|Any CPU
		{950C6EBF-F077-4086-A413-E309CD860D44}.Release|Any CPU.Build.0 = Release|Any CPU
		{950C6EBF-F077-4086-A413-E309CD860D44}.Release|x64.ActiveCfg = Release|Any CPU
		{950C6EBF-F077-4086-A413-E309CD860D44}.Release|x64.Build.0 = Release|Any CPU
		{950C6EBF-F077-4086-A413-E309CD860D44}.Release|x86.ActiveCfg = Release|Any CPU
		{950C6EBF-F077-4086-A413-E309CD860D44}.Release|x86.Build.0 = Release|Any CPU
		{BC749589-FB4A-40CA-9DDF-355E34F8A67E}.Debug|Any CPU.ActiveCfg = Debug|Any CPU
		{BC749589-FB4A-40CA-9DDF-355E34F8A67E}.Debug|Any CPU.Build.0 = Debug|Any CPU
		{BC749589-FB4A-40CA-9DDF-355E34F8A67E}.Debug|x64.ActiveCfg = Debug|Any CPU
		{BC749589-FB4A-40CA-9DDF-355E34F8A67E}.Debug|x64.Build.0 = Debug|Any CPU
		{BC749589-FB4A-40CA-9DDF-355E34F8A67E}.Debug|x86.ActiveCfg = Debug|Any CPU
		{BC749589-FB4A-40CA-9DDF-355E34F8A67E}.Debug|x86.Build.0 = Debug|Any CPU
		{BC749589-FB4A-40CA-9DDF-355E34F8A67E}.Release|Any CPU.ActiveCfg = Release|Any CPU
		{BC749589-FB4A-40CA-9DDF-355E34F8A67E}.Release|Any CPU.Build.0 = Release|Any CPU
		{BC749589-FB4A-40CA-9DDF-355E34F8A67E}.Release|x64.ActiveCfg = Release|Any CPU
		{BC749589-FB4A-40CA-9DDF-355E34F8A67E}.Release|x64.Build.0 = Release|Any CPU
		{BC749589-FB4A-40CA-9DDF-355E34F8A67E}.Release|x86.ActiveCfg = Release|Any CPU
		{BC749589-FB4A-40CA-9DDF-355E34F8A67E}.Release|x86.Build.0 = Release|Any CPU
		{620B07F6-51E4-440E-B41E-BBB7CC217BC0}.Debug|Any CPU.ActiveCfg = Debug|Any CPU
		{620B07F6-51E4-440E-B41E-BBB7CC217BC0}.Debug|Any CPU.Build.0 = Debug|Any CPU
		{620B07F6-51E4-440E-B41E-BBB7CC217BC0}.Debug|x64.ActiveCfg = Debug|Any CPU
		{620B07F6-51E4-440E-B41E-BBB7CC217BC0}.Debug|x64.Build.0 = Debug|Any CPU
		{620B07F6-51E4-440E-B41E-BBB7CC217BC0}.Debug|x86.ActiveCfg = Debug|Any CPU
		{620B07F6-51E4-440E-B41E-BBB7CC217BC0}.Debug|x86.Build.0 = Debug|Any CPU
		{620B07F6-51E4-440E-B41E-BBB7CC217BC0}.Release|Any CPU.ActiveCfg = Release|Any CPU
		{620B07F6-51E4-440E-B41E-BBB7CC217BC0}.Release|Any CPU.Build.0 = Release|Any CPU
		{620B07F6-51E4-440E-B41E-BBB7CC217BC0}.Release|x64.ActiveCfg = Release|Any CPU
		{620B07F6-51E4-440E-B41E-BBB7CC217BC0}.Release|x64.Build.0 = Release|Any CPU
		{620B07F6-51E4-440E-B41E-BBB7CC217BC0}.Release|x86.ActiveCfg = Release|Any CPU
		{620B07F6-51E4-440E-B41E-BBB7CC217BC0}.Release|x86.Build.0 = Release|Any CPU
	EndGlobalSection
	GlobalSection(NestedProjects) = preSolution
		{39A56BC3-9919-403C-9B91-E5651E7F2686} = {4DFAFCCE-6338-4232-9C05-66E30D0EE9E9}
		{77210956-5BD6-4577-8342-FA4D16E62241} = {4DFAFCCE-6338-4232-9C05-66E30D0EE9E9}
		{4519E5E2-36D2-439A-BC6E-AF0F273E29AF} = {C669181E-B7FF-4DA5-A79F-10D88BCE5D74}
		{6BEF84A4-95B8-4651-99A6-2BBB5F4D32B8} = {4DFAFCCE-6338-4232-9C05-66E30D0EE9E9}
		{3616C161-7396-4E05-822E-EA4AF1664050} = {C669181E-B7FF-4DA5-A79F-10D88BCE5D74}
		{1CEA5356-04E4-40E4-B389-3A2F7E1D91E3} = {4DFAFCCE-6338-4232-9C05-66E30D0EE9E9}
		{950C6EBF-F077-4086-A413-E309CD860D44} = {C669181E-B7FF-4DA5-A79F-10D88BCE5D74}
		{BC749589-FB4A-40CA-9DDF-355E34F8A67E} = {C669181E-B7FF-4DA5-A79F-10D88BCE5D74}
		{620B07F6-51E4-440E-B41E-BBB7CC217BC0} = {C669181E-B7FF-4DA5-A79F-10D88BCE5D74}
	EndGlobalSection
EndGlobal
